// !$*UTF8*$!
{
	archiveVersion = 1;
	classes = {
	};
	objectVersion = 48;
	objects = {

/* Begin PBXBuildFile section */
		9B0EA8772072A357000271CA /* NearByFriendViewController.swift in Sources */ = {isa = PBXBuildFile; fileRef = 9B0EA8762072A357000271CA /* NearByFriendViewController.swift */; };
		9B887E2E2072384300871AD6 /* CollectionViewCell.swift in Sources */ = {isa = PBXBuildFile; fileRef = 9B887E2D2072384300871AD6 /* CollectionViewCell.swift */; };
		9B887E30207253BC00871AD6 /* ViewPostViewController.swift in Sources */ = {isa = PBXBuildFile; fileRef = 9B887E2F207253BC00871AD6 /* ViewPostViewController.swift */; };
		F161D7F4207330E70085985A /* PostTableViewCell.swift in Sources */ = {isa = PBXBuildFile; fileRef = F161D7F3207330E60085985A /* PostTableViewCell.swift */; };
		F1A439BD20716CC800438645 /* AppDelegate.swift in Sources */ = {isa = PBXBuildFile; fileRef = F1A439BC20716CC800438645 /* AppDelegate.swift */; };
		F1A439BF20716CC800438645 /* ViewController.swift in Sources */ = {isa = PBXBuildFile; fileRef = F1A439BE20716CC800438645 /* ViewController.swift */; };
		F1A439C220716CC800438645 /* Main.storyboard in Resources */ = {isa = PBXBuildFile; fileRef = F1A439C020716CC800438645 /* Main.storyboard */; };
		F1A439C520716CC800438645 /* DemoInstagram.xcdatamodeld in Sources */ = {isa = PBXBuildFile; fileRef = F1A439C320716CC800438645 /* DemoInstagram.xcdatamodeld */; };
		F1A439C720716CC800438645 /* Assets.xcassets in Resources */ = {isa = PBXBuildFile; fileRef = F1A439C620716CC800438645 /* Assets.xcassets */; };
		F1A439CA20716CC800438645 /* LaunchScreen.storyboard in Resources */ = {isa = PBXBuildFile; fileRef = F1A439C820716CC800438645 /* LaunchScreen.storyboard */; };
		F1A439D2207171BC00438645 /* SignInViewController.swift in Sources */ = {isa = PBXBuildFile; fileRef = F1A439D1207171BC00438645 /* SignInViewController.swift */; };
		F1A439EB20719AB400438645 /* User+CoreDataClass.swift in Sources */ = {isa = PBXBuildFile; fileRef = F1A439E320719AB400438645 /* User+CoreDataClass.swift */; };
		F1A439EC20719AB400438645 /* User+CoreDataProperties.swift in Sources */ = {isa = PBXBuildFile; fileRef = F1A439E420719AB400438645 /* User+CoreDataProperties.swift */; };
		F1A439ED20719AB400438645 /* Post+CoreDataClass.swift in Sources */ = {isa = PBXBuildFile; fileRef = F1A439E520719AB400438645 /* Post+CoreDataClass.swift */; };
		F1A439EE20719AB400438645 /* Post+CoreDataProperties.swift in Sources */ = {isa = PBXBuildFile; fileRef = F1A439E620719AB400438645 /* Post+CoreDataProperties.swift */; };
		F1A439EF20719AB400438645 /* Friend+CoreDataClass.swift in Sources */ = {isa = PBXBuildFile; fileRef = F1A439E720719AB400438645 /* Friend+CoreDataClass.swift */; };
		F1A439F020719AB400438645 /* Friend+CoreDataProperties.swift in Sources */ = {isa = PBXBuildFile; fileRef = F1A439E820719AB400438645 /* Friend+CoreDataProperties.swift */; };
		F1A439F120719AB400438645 /* Comment+CoreDataClass.swift in Sources */ = {isa = PBXBuildFile; fileRef = F1A439E920719AB400438645 /* Comment+CoreDataClass.swift */; };
		F1A439F220719AB400438645 /* Comment+CoreDataProperties.swift in Sources */ = {isa = PBXBuildFile; fileRef = F1A439EA20719AB400438645 /* Comment+CoreDataProperties.swift */; };
		F1A43A142071CA7500438645 /* SignUpViewController.swift in Sources */ = {isa = PBXBuildFile; fileRef = F1A43A132071CA7500438645 /* SignUpViewController.swift */; };
		F1A43A162071E00300438645 /* PostViewController.swift in Sources */ = {isa = PBXBuildFile; fileRef = F1A43A152071E00300438645 /* PostViewController.swift */; };
		F1A43A182071E37C00438645 /* HomeViewController.swift in Sources */ = {isa = PBXBuildFile; fileRef = F1A43A172071E37C00438645 /* HomeViewController.swift */; };
		F1A43A1A20720B7200438645 /* ProfileViewController.swift in Sources */ = {isa = PBXBuildFile; fileRef = F1A43A1920720B7100438645 /* ProfileViewController.swift */; };
/* End PBXBuildFile section */

/* Begin PBXFileReference section */
		9B0EA8762072A357000271CA /* NearByFriendViewController.swift */ = {isa = PBXFileReference; lastKnownFileType = sourcecode.swift; path = NearByFriendViewController.swift; sourceTree = "<group>"; };
		9B887E2D2072384300871AD6 /* CollectionViewCell.swift */ = {isa = PBXFileReference; lastKnownFileType = sourcecode.swift; path = CollectionViewCell.swift; sourceTree = "<group>"; };
		9B887E2F207253BC00871AD6 /* ViewPostViewController.swift */ = {isa = PBXFileReference; lastKnownFileType = sourcecode.swift; path = ViewPostViewController.swift; sourceTree = "<group>"; };
		F161D7F3207330E60085985A /* PostTableViewCell.swift */ = {isa = PBXFileReference; lastKnownFileType = sourcecode.swift; path = PostTableViewCell.swift; sourceTree = "<group>"; };
		F1A439B920716CC800438645 /* DemoInstagram.app */ = {isa = PBXFileReference; explicitFileType = wrapper.application; includeInIndex = 0; path = DemoInstagram.app; sourceTree = BUILT_PRODUCTS_DIR; };
		F1A439BC20716CC800438645 /* AppDelegate.swift */ = {isa = PBXFileReference; lastKnownFileType = sourcecode.swift; path = AppDelegate.swift; sourceTree = "<group>"; };
		F1A439BE20716CC800438645 /* ViewController.swift */ = {isa = PBXFileReference; lastKnownFileType = sourcecode.swift; path = ViewController.swift; sourceTree = "<group>"; };
		F1A439C120716CC800438645 /* Base */ = {isa = PBXFileReference; lastKnownFileType = file.storyboard; name = Base; path = Base.lproj/Main.storyboard; sourceTree = "<group>"; };
		F1A439C420716CC800438645 /* DemoInstagram.xcdatamodel */ = {isa = PBXFileReference; lastKnownFileType = wrapper.xcdatamodel; path = DemoInstagram.xcdatamodel; sourceTree = "<group>"; };
		F1A439C620716CC800438645 /* Assets.xcassets */ = {isa = PBXFileReference; lastKnownFileType = folder.assetcatalog; path = Assets.xcassets; sourceTree = "<group>"; };
		F1A439C920716CC800438645 /* Base */ = {isa = PBXFileReference; lastKnownFileType = file.storyboard; name = Base; path = Base.lproj/LaunchScreen.storyboard; sourceTree = "<group>"; };
		F1A439CB20716CC800438645 /* Info.plist */ = {isa = PBXFileReference; lastKnownFileType = text.plist.xml; path = Info.plist; sourceTree = "<group>"; };
		F1A439D1207171BC00438645 /* SignInViewController.swift */ = {isa = PBXFileReference; lastKnownFileType = sourcecode.swift; path = SignInViewController.swift; sourceTree = "<group>"; };
		F1A439E320719AB400438645 /* User+CoreDataClass.swift */ = {isa = PBXFileReference; lastKnownFileType = sourcecode.swift; path = "User+CoreDataClass.swift"; sourceTree = "<group>"; };
		F1A439E420719AB400438645 /* User+CoreDataProperties.swift */ = {isa = PBXFileReference; lastKnownFileType = sourcecode.swift; path = "User+CoreDataProperties.swift"; sourceTree = "<group>"; };
		F1A439E520719AB400438645 /* Post+CoreDataClass.swift */ = {isa = PBXFileReference; lastKnownFileType = sourcecode.swift; path = "Post+CoreDataClass.swift"; sourceTree = "<group>"; };
		F1A439E620719AB400438645 /* Post+CoreDataProperties.swift */ = {isa = PBXFileReference; lastKnownFileType = sourcecode.swift; path = "Post+CoreDataProperties.swift"; sourceTree = "<group>"; };
		F1A439E720719AB400438645 /* Friend+CoreDataClass.swift */ = {isa = PBXFileReference; lastKnownFileType = sourcecode.swift; path = "Friend+CoreDataClass.swift"; sourceTree = "<group>"; };
		F1A439E820719AB400438645 /* Friend+CoreDataProperties.swift */ = {isa = PBXFileReference; lastKnownFileType = sourcecode.swift; path = "Friend+CoreDataProperties.swift"; sourceTree = "<group>"; };
		F1A439E920719AB400438645 /* Comment+CoreDataClass.swift */ = {isa = PBXFileReference; lastKnownFileType = sourcecode.swift; path = "Comment+CoreDataClass.swift"; sourceTree = "<group>"; };
		F1A439EA20719AB400438645 /* Comment+CoreDataProperties.swift */ = {isa = PBXFileReference; lastKnownFileType = sourcecode.swift; path = "Comment+CoreDataProperties.swift"; sourceTree = "<group>"; };
		F1A43A132071CA7500438645 /* SignUpViewController.swift */ = {isa = PBXFileReference; lastKnownFileType = sourcecode.swift; path = SignUpViewController.swift; sourceTree = "<group>"; };
		F1A43A152071E00300438645 /* PostViewController.swift */ = {isa = PBXFileReference; lastKnownFileType = sourcecode.swift; path = PostViewController.swift; sourceTree = "<group>"; };
		F1A43A172071E37C00438645 /* HomeViewController.swift */ = {isa = PBXFileReference; lastKnownFileType = sourcecode.swift; path = HomeViewController.swift; sourceTree = "<group>"; };
		F1A43A1920720B7100438645 /* ProfileViewController.swift */ = {isa = PBXFileReference; lastKnownFileType = sourcecode.swift; path = ProfileViewController.swift; sourceTree = "<group>"; };
/* End PBXFileReference section */

/* Begin PBXFrameworksBuildPhase section */
		F1A439B620716CC800438645 /* Frameworks */ = {
			isa = PBXFrameworksBuildPhase;
			buildActionMask = 2147483647;
			files = (
			);
			runOnlyForDeploymentPostprocessing = 0;
		};
/* End PBXFrameworksBuildPhase section */

/* Begin PBXGroup section */
		F1A439B020716CC800438645 = {
			isa = PBXGroup;
			children = (
				F1A439E320719AB400438645 /* User+CoreDataClass.swift */,
				F1A439E420719AB400438645 /* User+CoreDataProperties.swift */,
				F1A439E520719AB400438645 /* Post+CoreDataClass.swift */,
				F1A439E620719AB400438645 /* Post+CoreDataProperties.swift */,
				F1A439E720719AB400438645 /* Friend+CoreDataClass.swift */,
				F1A439E820719AB400438645 /* Friend+CoreDataProperties.swift */,
				F1A439E920719AB400438645 /* Comment+CoreDataClass.swift */,
				F1A439EA20719AB400438645 /* Comment+CoreDataProperties.swift */,
				F1A439BB20716CC800438645 /* DemoInstagram */,
				F1A439BA20716CC800438645 /* Products */,
			);
			sourceTree = "<group>";
		};
		F1A439BA20716CC800438645 /* Products */ = {
			isa = PBXGroup;
			children = (
				F1A439B920716CC800438645 /* DemoInstagram.app */,
			);
			name = Products;
			sourceTree = "<group>";
		};
		F1A439BB20716CC800438645 /* DemoInstagram */ = {
			isa = PBXGroup;
			children = (
				F1A439BC20716CC800438645 /* AppDelegate.swift */,
				F1A439BE20716CC800438645 /* ViewController.swift */,
				F1A439C020716CC800438645 /* Main.storyboard */,
				F1A439C620716CC800438645 /* Assets.xcassets */,
				F1A439C820716CC800438645 /* LaunchScreen.storyboard */,
				F1A439CB20716CC800438645 /* Info.plist */,
				F1A439C320716CC800438645 /* DemoInstagram.xcdatamodeld */,
				F1A43A1920720B7100438645 /* ProfileViewController.swift */,
				F1A439D1207171BC00438645 /* SignInViewController.swift */,
				F1A43A132071CA7500438645 /* SignUpViewController.swift */,
				F1A43A152071E00300438645 /* PostViewController.swift */,
				F1A43A172071E37C00438645 /* HomeViewController.swift */,
				9B887E2D2072384300871AD6 /* CollectionViewCell.swift */,
				9B887E2F207253BC00871AD6 /* ViewPostViewController.swift */,
				9B0EA8762072A357000271CA /* NearByFriendViewController.swift */,
				F161D7F3207330E60085985A /* PostTableViewCell.swift */,
			);
			path = DemoInstagram;
			sourceTree = "<group>";
		};
/* End PBXGroup section */

/* Begin PBXNativeTarget section */
		F1A439B820716CC800438645 /* DemoInstagram */ = {
			isa = PBXNativeTarget;
			buildConfigurationList = F1A439CE20716CC800438645 /* Build configuration list for PBXNativeTarget "DemoInstagram" */;
			buildPhases = (
				F1A439B520716CC800438645 /* Sources */,
				F1A439B620716CC800438645 /* Frameworks */,
				F1A439B720716CC800438645 /* Resources */,
			);
			buildRules = (
			);
			dependencies = (
			);
			name = DemoInstagram;
			productName = DemoInstagram;
			productReference = F1A439B920716CC800438645 /* DemoInstagram.app */;
			productType = "com.apple.product-type.application";
		};
/* End PBXNativeTarget section */

/* Begin PBXProject section */
		F1A439B120716CC800438645 /* Project object */ = {
			isa = PBXProject;
			attributes = {
				LastSwiftUpdateCheck = 0920;
				LastUpgradeCheck = 0920;
				ORGANIZATIONNAME = "Kane Denzil Quadras Bernard";
				TargetAttributes = {
					F1A439B820716CC800438645 = {
						CreatedOnToolsVersion = 9.2;
						ProvisioningStyle = Automatic;
					};
				};
			};
			buildConfigurationList = F1A439B420716CC800438645 /* Build configuration list for PBXProject "DemoInstagram" */;
			compatibilityVersion = "Xcode 8.0";
			developmentRegion = en;
			hasScannedForEncodings = 0;
			knownRegions = (
				en,
				Base,
			);
			mainGroup = F1A439B020716CC800438645;
			productRefGroup = F1A439BA20716CC800438645 /* Products */;
			projectDirPath = "";
			projectRoot = "";
			targets = (
				F1A439B820716CC800438645 /* DemoInstagram */,
			);
		};
/* End PBXProject section */

/* Begin PBXResourcesBuildPhase section */
		F1A439B720716CC800438645 /* Resources */ = {
			isa = PBXResourcesBuildPhase;
			buildActionMask = 2147483647;
			files = (
				F1A439CA20716CC800438645 /* LaunchScreen.storyboard in Resources */,
				F1A439C720716CC800438645 /* Assets.xcassets in Resources */,
				F1A439C220716CC800438645 /* Main.storyboard in Resources */,
			);
			runOnlyForDeploymentPostprocessing = 0;
		};
/* End PBXResourcesBuildPhase section */

/* Begin PBXSourcesBuildPhase section */
		F1A439B520716CC800438645 /* Sources */ = {
			isa = PBXSourcesBuildPhase;
			buildActionMask = 2147483647;
			files = (
				F1A439D2207171BC00438645 /* SignInViewController.swift in Sources */,
				F1A439EE20719AB400438645 /* Post+CoreDataProperties.swift in Sources */,
				9B887E2E2072384300871AD6 /* CollectionViewCell.swift in Sources */,
				9B0EA8772072A357000271CA /* NearByFriendViewController.swift in Sources */,
				F1A43A162071E00300438645 /* PostViewController.swift in Sources */,
				F1A439ED20719AB400438645 /* Post+CoreDataClass.swift in Sources */,
				9B887E30207253BC00871AD6 /* ViewPostViewController.swift in Sources */,
				F161D7F4207330E70085985A /* PostTableViewCell.swift in Sources */,
				F1A439BF20716CC800438645 /* ViewController.swift in Sources */,
				F1A43A182071E37C00438645 /* HomeViewController.swift in Sources */,
				F1A43A1A20720B7200438645 /* ProfileViewController.swift in Sources */,
				F1A439EF20719AB400438645 /* Friend+CoreDataClass.swift in Sources */,
				F1A439EC20719AB400438645 /* User+CoreDataProperties.swift in Sources */,
				F1A439C520716CC800438645 /* DemoInstagram.xcdatamodeld in Sources */,
				F1A439F120719AB400438645 /* Comment+CoreDataClass.swift in Sources */,
				F1A439F020719AB400438645 /* Friend+CoreDataProperties.swift in Sources */,
				F1A439BD20716CC800438645 /* AppDelegate.swift in Sources */,
				F1A439F220719AB400438645 /* Comment+CoreDataProperties.swift in Sources */,
				F1A43A142071CA7500438645 /* SignUpViewController.swift in Sources */,
				F1A439EB20719AB400438645 /* User+CoreDataClass.swift in Sources */,
			);
			runOnlyForDeploymentPostprocessing = 0;
		};
/* End PBXSourcesBuildPhase section */

/* Begin PBXVariantGroup section */
		F1A439C020716CC800438645 /* Main.storyboard */ = {
			isa = PBXVariantGroup;
			children = (
				F1A439C120716CC800438645 /* Base */,
			);
			name = Main.storyboard;
			sourceTree = "<group>";
		};
		F1A439C820716CC800438645 /* LaunchScreen.storyboard */ = {
			isa = PBXVariantGroup;
			children = (
				F1A439C920716CC800438645 /* Base */,
			);
			name = LaunchScreen.storyboard;
			sourceTree = "<group>";
		};
/* End PBXVariantGroup section */

/* Begin XCBuildConfiguration section */
		F1A439CC20716CC800438645 /* Debug */ = {
			isa = XCBuildConfiguration;
			buildSettings = {
				ALWAYS_SEARCH_USER_PATHS = NO;
				CLANG_ANALYZER_NONNULL = YES;
				CLANG_ANALYZER_NUMBER_OBJECT_CONVERSION = YES_AGGRESSIVE;
				CLANG_CXX_LANGUAGE_STANDARD = "gnu++14";
				CLANG_CXX_LIBRARY = "libc++";
				CLANG_ENABLE_MODULES = YES;
				CLANG_ENABLE_OBJC_ARC = YES;
				CLANG_WARN_BLOCK_CAPTURE_AUTORELEASING = YES;
				CLANG_WARN_BOOL_CONVERSION = YES;
				CLANG_WARN_COMMA = YES;
				CLANG_WARN_CONSTANT_CONVERSION = YES;
				CLANG_WARN_DIRECT_OBJC_ISA_USAGE = YES_ERROR;
				CLANG_WARN_DOCUMENTATION_COMMENTS = YES;
				CLANG_WARN_EMPTY_BODY = YES;
				CLANG_WARN_ENUM_CONVERSION = YES;
				CLANG_WARN_INFINITE_RECURSION = YES;
				CLANG_WARN_INT_CONVERSION = YES;
				CLANG_WARN_NON_LITERAL_NULL_CONVERSION = YES;
				CLANG_WARN_OBJC_LITERAL_CONVERSION = YES;
				CLANG_WARN_OBJC_ROOT_CLASS = YES_ERROR;
				CLANG_WARN_RANGE_LOOP_ANALYSIS = YES;
				CLANG_WARN_STRICT_PROTOTYPES = YES;
				CLANG_WARN_SUSPICIOUS_MOVE = YES;
				CLANG_WARN_UNGUARDED_AVAILABILITY = YES_AGGRESSIVE;
				CLANG_WARN_UNREACHABLE_CODE = YES;
				CLANG_WARN__DUPLICATE_METHOD_MATCH = YES;
				CODE_SIGN_IDENTITY = "iPhone Developer";
				COPY_PHASE_STRIP = NO;
				DEBUG_INFORMATION_FORMAT = dwarf;
				ENABLE_STRICT_OBJC_MSGSEND = YES;
				ENABLE_TESTABILITY = YES;
				GCC_C_LANGUAGE_STANDARD = gnu11;
				GCC_DYNAMIC_NO_PIC = NO;
				GCC_NO_COMMON_BLOCKS = YES;
				GCC_OPTIMIZATION_LEVEL = 0;
				GCC_PREPROCESSOR_DEFINITIONS = (
					"DEBUG=1",
					"$(inherited)",
				);
				GCC_WARN_64_TO_32_BIT_CONVERSION = YES;
				GCC_WARN_ABOUT_RETURN_TYPE = YES_ERROR;
				GCC_WARN_UNDECLARED_SELECTOR = YES;
				GCC_WARN_UNINITIALIZED_AUTOS = YES_AGGRESSIVE;
				GCC_WARN_UNUSED_FUNCTION = YES;
				GCC_WARN_UNUSED_VARIABLE = YES;
				IPHONEOS_DEPLOYMENT_TARGET = 11.2;
				MTL_ENABLE_DEBUG_INFO = YES;
				ONLY_ACTIVE_ARCH = YES;
				SDKROOT = iphoneos;
				SWIFT_ACTIVE_COMPILATION_CONDITIONS = DEBUG;
				SWIFT_OPTIMIZATION_LEVEL = "-Onone";
			};
			name = Debug;
		};
		F1A439CD20716CC800438645 /* Release */ = {
			isa = XCBuildConfiguration;
			buildSettings = {
				ALWAYS_SEARCH_USER_PATHS = NO;
				CLANG_ANALYZER_NONNULL = YES;
				CLANG_ANALYZER_NUMBER_OBJECT_CONVERSION = YES_AGGRESSIVE;
				CLANG_CXX_LANGUAGE_STANDARD = "gnu++14";
				CLANG_CXX_LIBRARY = "libc++";
				CLANG_ENABLE_MODULES = YES;
				CLANG_ENABLE_OBJC_ARC = YES;
				CLANG_WARN_BLOCK_CAPTURE_AUTORELEASING = YES;
				CLANG_WARN_BOOL_CONVERSION = YES;
				CLANG_WARN_COMMA = YES;
				CLANG_WARN_CONSTANT_CONVERSION = YES;
				CLANG_WARN_DIRECT_OBJC_ISA_USAGE = YES_ERROR;
				CLANG_WARN_DOCUMENTATION_COMMENTS = YES;
				CLANG_WARN_EMPTY_BODY = YES;
				CLANG_WARN_ENUM_CONVERSION = YES;
				CLANG_WARN_INFINITE_RECURSION = YES;
				CLANG_WARN_INT_CONVERSION = YES;
				CLANG_WARN_NON_LITERAL_NULL_CONVERSION = YES;
				CLANG_WARN_OBJC_LITERAL_CONVERSION = YES;
				CLANG_WARN_OBJC_ROOT_CLASS = YES_ERROR;
				CLANG_WARN_RANGE_LOOP_ANALYSIS = YES;
				CLANG_WARN_STRICT_PROTOTYPES = YES;
				CLANG_WARN_SUSPICIOUS_MOVE = YES;
				CLANG_WARN_UNGUARDED_AVAILABILITY = YES_AGGRESSIVE;
				CLANG_WARN_UNREACHABLE_CODE = YES;
				CLANG_WARN__DUPLICATE_METHOD_MATCH = YES;
				CODE_SIGN_IDENTITY = "iPhone Developer";
				COPY_PHASE_STRIP = NO;
				DEBUG_INFORMATION_FORMAT = "dwarf-with-dsym";
				ENABLE_NS_ASSERTIONS = NO;
				ENABLE_STRICT_OBJC_MSGSEND = YES;
				GCC_C_LANGUAGE_STANDARD = gnu11;
				GCC_NO_COMMON_BLOCKS = YES;
				GCC_WARN_64_TO_32_BIT_CONVERSION = YES;
				GCC_WARN_ABOUT_RETURN_TYPE = YES_ERROR;
				GCC_WARN_UNDECLARED_SELECTOR = YES;
				GCC_WARN_UNINITIALIZED_AUTOS = YES_AGGRESSIVE;
				GCC_WARN_UNUSED_FUNCTION = YES;
				GCC_WARN_UNUSED_VARIABLE = YES;
				IPHONEOS_DEPLOYMENT_TARGET = 11.2;
				MTL_ENABLE_DEBUG_INFO = NO;
				SDKROOT = iphoneos;
				SWIFT_OPTIMIZATION_LEVEL = "-Owholemodule";
				VALIDATE_PRODUCT = YES;
			};
			name = Release;
		};
		F1A439CF20716CC800438645 /* Debug */ = {
			isa = XCBuildConfiguration;
			buildSettings = {
				ASSETCATALOG_COMPILER_APPICON_NAME = AppIcon;
				CODE_SIGN_STYLE = Automatic;
				DEVELOPMENT_TEAM = A6QZVB6UPR;
				INFOPLIST_FILE = DemoInstagram/Info.plist;
				LD_RUNPATH_SEARCH_PATHS = "$(inherited) @executable_path/Frameworks";
				PRODUCT_BUNDLE_IDENTIFIER = kane.DemoInstagram;
				PRODUCT_NAME = "$(TARGET_NAME)";
				SWIFT_VERSION = 4.0;
				TARGETED_DEVICE_FAMILY = "1,2";
			};
			name = Debug;
		};
		F1A439D020716CC800438645 /* Release */ = {
			isa = XCBuildConfiguration;
			buildSettings = {
				ASSETCATALOG_COMPILER_APPICON_NAME = AppIcon;
				CODE_SIGN_STYLE = Automatic;
				DEVELOPMENT_TEAM = A6QZVB6UPR;
				INFOPLIST_FILE = DemoInstagram/Info.plist;
				LD_RUNPATH_SEARCH_PATHS = "$(inherited) @executable_path/Frameworks";
				PRODUCT_BUNDLE_IDENTIFIER = kane.DemoInstagram;
				PRODUCT_NAME = "$(TARGET_NAME)";
				SWIFT_VERSION = 4.0;
				TARGETED_DEVICE_FAMILY = "1,2";
			};
			name = Release;
		};
/* End XCBuildConfiguration section */

/* Begin XCConfigurationList section */
		F1A439B420716CC800438645 /* Build configuration list for PBXProject "DemoInstagram" */ = {
			isa = XCConfigurationList;
			buildConfigurations = (
				F1A439CC20716CC800438645 /* Debug */,
				F1A439CD20716CC800438645 /* Release */,
			);
			defaultConfigurationIsVisible = 0;
			defaultConfigurationName = Release;
		};
		F1A439CE20716CC800438645 /* Build configuration list for PBXNativeTarget "DemoInstagram" */ = {
			isa = XCConfigurationList;
			buildConfigurations = (
				F1A439CF20716CC800438645 /* Debug */,
				F1A439D020716CC800438645 /* Release */,
			);
			defaultConfigurationIsVisible = 0;
			defaultConfigurationName = Release;
		};
/* End XCConfigurationList section */

/* Begin XCVersionGroup section */
		F1A439C320716CC800438645 /* DemoInstagram.xcdatamodeld */ = {
			isa = XCVersionGroup;
			children = (
				F1A439C420716CC800438645 /* DemoInstagram.xcdatamodel */,
			);
			currentVersion = F1A439C420716CC800438645 /* DemoInstagram.xcdatamodel */;
			path = DemoInstagram.xcdatamodeld;
			sourceTree = "<group>";
			versionGroupType = wrapper.xcdatamodel;
		};
/* End XCVersionGroup section */
	};
	rootObject = F1A439B120716CC800438645 /* Project object */;
}
